// !$*UTF8*$!
{
	archiveVersion = 1;
	classes = {
	};
	objectVersion = 55;
	objects = {

/* Begin PBXBuildFile section */
		390126D12765900700979149 /* MoviesTableViewCell.swift in Sources */ = {isa = PBXBuildFile; fileRef = 390126D02765900700979149 /* MoviesTableViewCell.swift */; };
		390126D327659EE900979149 /* MoviesRequest.swift in Sources */ = {isa = PBXBuildFile; fileRef = 390126D227659EE900979149 /* MoviesRequest.swift */; };
		390126D52765A27A00979149 /* MoviesModel.swift in Sources */ = {isa = PBXBuildFile; fileRef = 390126D42765A27A00979149 /* MoviesModel.swift */; };
		390DB78F277CB84700B7C76D /* MyListModel.swift in Sources */ = {isa = PBXBuildFile; fileRef = 390DB78E277CB84700B7C76D /* MyListModel.swift */; };
		390DB791277D010C00B7C76D /* MyListRequest.swift in Sources */ = {isa = PBXBuildFile; fileRef = 390DB790277D010B00B7C76D /* MyListRequest.swift */; };
		390DB793277D35EC00B7C76D /* IsOutdated.swift in Sources */ = {isa = PBXBuildFile; fileRef = 390DB792277D35EB00B7C76D /* IsOutdated.swift */; };
		390EC087277BEDE500CDD9B5 /* MyListViewController.swift in Sources */ = {isa = PBXBuildFile; fileRef = 390EC086277BEDE500CDD9B5 /* MyListViewController.swift */; };
		390EC089277BF99D00CDD9B5 /* TabBarViewController.swift in Sources */ = {isa = PBXBuildFile; fileRef = 390EC088277BF99C00CDD9B5 /* TabBarViewController.swift */; };
		394B1C252773DE5F00362568 /* Extensions.swift in Sources */ = {isa = PBXBuildFile; fileRef = 394B1C242773DE5F00362568 /* Extensions.swift */; };
		395B6DDB2769397B00D6DF26 /* Assets.xcassets in Resources */ = {isa = PBXBuildFile; fileRef = 395B6DDA2769397B00D6DF26 /* Assets.xcassets */; };
		397A438A2764653A002F2C36 /* Constants .swift in Sources */ = {isa = PBXBuildFile; fileRef = 397A438927646539002F2C36 /* Constants .swift */; };
		39DA3E672767DA94003C825B /* MovieCollectionViewCell.swift in Sources */ = {isa = PBXBuildFile; fileRef = 39DA3E662767DA94003C825B /* MovieCollectionViewCell.swift */; };
		39DA3E692767F278003C825B /* MovieDetailsViewController.swift in Sources */ = {isa = PBXBuildFile; fileRef = 39DA3E682767F278003C825B /* MovieDetailsViewController.swift */; };
		39EE12002775168E001BACC5 /* RecommendedMoviesViewController.swift in Sources */ = {isa = PBXBuildFile; fileRef = 39EE11FF2775168D001BACC5 /* RecommendedMoviesViewController.swift */; };
		39EE120227752C5E001BACC5 /* MovieSpecViewController.swift in Sources */ = {isa = PBXBuildFile; fileRef = 39EE120127752C5D001BACC5 /* MovieSpecViewController.swift */; };
		39FB20BC2762AE0E009F1E31 /* AppDelegate.swift in Sources */ = {isa = PBXBuildFile; fileRef = 39FB20BB2762AE0E009F1E31 /* AppDelegate.swift */; };
		39FB20BE2762AE0E009F1E31 /* SceneDelegate.swift in Sources */ = {isa = PBXBuildFile; fileRef = 39FB20BD2762AE0E009F1E31 /* SceneDelegate.swift */; };
		39FB20C02762AE0E009F1E31 /* ViewController.swift in Sources */ = {isa = PBXBuildFile; fileRef = 39FB20BF2762AE0E009F1E31 /* ViewController.swift */; };
		39FB20C82762AE17009F1E31 /* LaunchScreen.storyboard in Resources */ = {isa = PBXBuildFile; fileRef = 39FB20C62762AE17009F1E31 /* LaunchScreen.storyboard */; };
/* End PBXBuildFile section */

/* Begin PBXFileReference section */
		390126D02765900700979149 /* MoviesTableViewCell.swift */ = {isa = PBXFileReference; lastKnownFileType = sourcecode.swift; path = MoviesTableViewCell.swift; sourceTree = "<group>"; };
		390126D227659EE900979149 /* MoviesRequest.swift */ = {isa = PBXFileReference; lastKnownFileType = sourcecode.swift; path = MoviesRequest.swift; sourceTree = "<group>"; };
		390126D42765A27A00979149 /* MoviesModel.swift */ = {isa = PBXFileReference; lastKnownFileType = sourcecode.swift; path = MoviesModel.swift; sourceTree = "<group>"; };
		390DB78E277CB84700B7C76D /* MyListModel.swift */ = {isa = PBXFileReference; lastKnownFileType = sourcecode.swift; path = MyListModel.swift; sourceTree = "<group>"; };
		390DB790277D010B00B7C76D /* MyListRequest.swift */ = {isa = PBXFileReference; lastKnownFileType = sourcecode.swift; path = MyListRequest.swift; sourceTree = "<group>"; };
		390DB792277D35EB00B7C76D /* IsOutdated.swift */ = {isa = PBXFileReference; lastKnownFileType = sourcecode.swift; path = IsOutdated.swift; sourceTree = "<group>"; };
		390EC086277BEDE500CDD9B5 /* MyListViewController.swift */ = {isa = PBXFileReference; lastKnownFileType = sourcecode.swift; path = MyListViewController.swift; sourceTree = "<group>"; };
		390EC088277BF99C00CDD9B5 /* TabBarViewController.swift */ = {isa = PBXFileReference; lastKnownFileType = sourcecode.swift; path = TabBarViewController.swift; sourceTree = "<group>"; };
		394B1C242773DE5F00362568 /* Extensions.swift */ = {isa = PBXFileReference; lastKnownFileType = sourcecode.swift; path = Extensions.swift; sourceTree = "<group>"; };
		395B6DDA2769397B00D6DF26 /* Assets.xcassets */ = {isa = PBXFileReference; lastKnownFileType = folder.assetcatalog; path = Assets.xcassets; sourceTree = "<group>"; };
		397A438927646539002F2C36 /* Constants .swift */ = {isa = PBXFileReference; lastKnownFileType = sourcecode.swift; path = "Constants .swift"; sourceTree = "<group>"; };
		39DA3E662767DA94003C825B /* MovieCollectionViewCell.swift */ = {isa = PBXFileReference; lastKnownFileType = sourcecode.swift; path = MovieCollectionViewCell.swift; sourceTree = "<group>"; };
		39DA3E682767F278003C825B /* MovieDetailsViewController.swift */ = {isa = PBXFileReference; lastKnownFileType = sourcecode.swift; path = MovieDetailsViewController.swift; sourceTree = "<group>"; };
		39EE11FF2775168D001BACC5 /* RecommendedMoviesViewController.swift */ = {isa = PBXFileReference; lastKnownFileType = sourcecode.swift; path = RecommendedMoviesViewController.swift; sourceTree = "<group>"; };
		39EE120127752C5D001BACC5 /* MovieSpecViewController.swift */ = {isa = PBXFileReference; lastKnownFileType = sourcecode.swift; path = MovieSpecViewController.swift; sourceTree = "<group>"; };
		39FB20B82762AE0E009F1E31 /* GloboPlay.app */ = {isa = PBXFileReference; explicitFileType = wrapper.application; includeInIndex = 0; path = GloboPlay.app; sourceTree = BUILT_PRODUCTS_DIR; };
		39FB20BB2762AE0E009F1E31 /* AppDelegate.swift */ = {isa = PBXFileReference; lastKnownFileType = sourcecode.swift; path = AppDelegate.swift; sourceTree = "<group>"; };
		39FB20BD2762AE0E009F1E31 /* SceneDelegate.swift */ = {isa = PBXFileReference; lastKnownFileType = sourcecode.swift; path = SceneDelegate.swift; sourceTree = "<group>"; };
		39FB20BF2762AE0E009F1E31 /* ViewController.swift */ = {isa = PBXFileReference; lastKnownFileType = sourcecode.swift; path = ViewController.swift; sourceTree = "<group>"; };
		39FB20C72762AE17009F1E31 /* Base */ = {isa = PBXFileReference; lastKnownFileType = file.storyboard; name = Base; path = Base.lproj/LaunchScreen.storyboard; sourceTree = "<group>"; };
		39FB20C92762AE17009F1E31 /* Info.plist */ = {isa = PBXFileReference; lastKnownFileType = text.plist.xml; path = Info.plist; sourceTree = "<group>"; };
/* End PBXFileReference section */

/* Begin PBXFrameworksBuildPhase section */
		39FB20B52762AE0E009F1E31 /* Frameworks */ = {
			isa = PBXFrameworksBuildPhase;
			buildActionMask = 2147483647;
			files = (
			);
			runOnlyForDeploymentPostprocessing = 0;
		};
/* End PBXFrameworksBuildPhase section */

/* Begin PBXGroup section */
		390EC085277BED9C00CDD9B5 /* myList */ = {
			isa = PBXGroup;
			children = (
				390EC086277BEDE500CDD9B5 /* MyListViewController.swift */,
				390DB78E277CB84700B7C76D /* MyListModel.swift */,
				390DB790277D010B00B7C76D /* MyListRequest.swift */,
			);
			path = myList;
			sourceTree = "<group>";
		};
		396DE1BA277A5CB700D79EDD /* home */ = {
			isa = PBXGroup;
			children = (
				39FB20BF2762AE0E009F1E31 /* ViewController.swift */,
				390126D02765900700979149 /* MoviesTableViewCell.swift */,
				39DA3E662767DA94003C825B /* MovieCollectionViewCell.swift */,
			);
			path = home;
			sourceTree = "<group>";
		};
		396DE1BB277A5D1800D79EDD /* highlights */ = {
			isa = PBXGroup;
			children = (
				39DA3E682767F278003C825B /* MovieDetailsViewController.swift */,
				39EE11FF2775168D001BACC5 /* RecommendedMoviesViewController.swift */,
				39EE120127752C5D001BACC5 /* MovieSpecViewController.swift */,
			);
			path = highlights;
			sourceTree = "<group>";
		};
		39A7C572277A0830008A4E3D /* Scenes */ = {
			isa = PBXGroup;
			children = (
				396DE1BA277A5CB700D79EDD /* home */,
				396DE1BB277A5D1800D79EDD /* highlights */,
				390EC085277BED9C00CDD9B5 /* myList */,
			);
			path = Scenes;
			sourceTree = "<group>";
		};
		39FB20AF2762AE0E009F1E31 = {
			isa = PBXGroup;
			children = (
				39FB20BA2762AE0E009F1E31 /* GloboPlay */,
				39FB20B92762AE0E009F1E31 /* Products */,
			);
			sourceTree = "<group>";
		};
		39FB20B92762AE0E009F1E31 /* Products */ = {
			isa = PBXGroup;
			children = (
				39FB20B82762AE0E009F1E31 /* GloboPlay.app */,
			);
			name = Products;
			sourceTree = "<group>";
		};
		39FB20BA2762AE0E009F1E31 /* GloboPlay */ = {
			isa = PBXGroup;
			children = (
				390DB792277D35EB00B7C76D /* IsOutdated.swift */,
				39FB20BB2762AE0E009F1E31 /* AppDelegate.swift */,
				39FB20BD2762AE0E009F1E31 /* SceneDelegate.swift */,
				390EC088277BF99C00CDD9B5 /* TabBarViewController.swift */,
				394B1C242773DE5F00362568 /* Extensions.swift */,
				397A438927646539002F2C36 /* Constants .swift */,
				390126D42765A27A00979149 /* MoviesModel.swift */,
				390126D227659EE900979149 /* MoviesRequest.swift */,
				39A7C572277A0830008A4E3D /* Scenes */,
				395B6DDA2769397B00D6DF26 /* Assets.xcassets */,
				39FB20C62762AE17009F1E31 /* LaunchScreen.storyboard */,
				39FB20C92762AE17009F1E31 /* Info.plist */,
			);
			path = GloboPlay;
			sourceTree = "<group>";
		};
/* End PBXGroup section */

/* Begin PBXNativeTarget section */
		39FB20B72762AE0E009F1E31 /* GloboPlay */ = {
			isa = PBXNativeTarget;
			buildConfigurationList = 39FB20CC2762AE17009F1E31 /* Build configuration list for PBXNativeTarget "GloboPlay" */;
			buildPhases = (
				39FB20B42762AE0E009F1E31 /* Sources */,
				39FB20B52762AE0E009F1E31 /* Frameworks */,
				39FB20B62762AE0E009F1E31 /* Resources */,
			);
			buildRules = (
			);
			dependencies = (
			);
			name = GloboPlay;
			productName = GloboPlay;
			productReference = 39FB20B82762AE0E009F1E31 /* GloboPlay.app */;
			productType = "com.apple.product-type.application";
		};
/* End PBXNativeTarget section */

/* Begin PBXProject section */
		39FB20B02762AE0E009F1E31 /* Project object */ = {
			isa = PBXProject;
			attributes = {
				BuildIndependentTargetsInParallel = 1;
				LastSwiftUpdateCheck = 1310;
				LastUpgradeCheck = 1310;
				TargetAttributes = {
					39FB20B72762AE0E009F1E31 = {
						CreatedOnToolsVersion = 13.1;
					};
				};
			};
			buildConfigurationList = 39FB20B32762AE0E009F1E31 /* Build configuration list for PBXProject "GloboPlay" */;
			compatibilityVersion = "Xcode 13.0";
			developmentRegion = en;
			hasScannedForEncodings = 0;
			knownRegions = (
				en,
				Base,
			);
			mainGroup = 39FB20AF2762AE0E009F1E31;
			productRefGroup = 39FB20B92762AE0E009F1E31 /* Products */;
			projectDirPath = "";
			projectRoot = "";
			targets = (
				39FB20B72762AE0E009F1E31 /* GloboPlay */,
			);
		};
/* End PBXProject section */

/* Begin PBXResourcesBuildPhase section */
		39FB20B62762AE0E009F1E31 /* Resources */ = {
			isa = PBXResourcesBuildPhase;
			buildActionMask = 2147483647;
			files = (
				395B6DDB2769397B00D6DF26 /* Assets.xcassets in Resources */,
				39FB20C82762AE17009F1E31 /* LaunchScreen.storyboard in Resources */,
			);
			runOnlyForDeploymentPostprocessing = 0;
		};
/* End PBXResourcesBuildPhase section */

/* Begin PBXSourcesBuildPhase section */
		39FB20B42762AE0E009F1E31 /* Sources */ = {
			isa = PBXSourcesBuildPhase;
			buildActionMask = 2147483647;
			files = (
				390DB793277D35EC00B7C76D /* IsOutdated.swift in Sources */,
				390126D12765900700979149 /* MoviesTableViewCell.swift in Sources */,
				39EE12002775168E001BACC5 /* RecommendedMoviesViewController.swift in Sources */,
				39FB20C02762AE0E009F1E31 /* ViewController.swift in Sources */,
				390EC087277BEDE500CDD9B5 /* MyListViewController.swift in Sources */,
				390EC089277BF99D00CDD9B5 /* TabBarViewController.swift in Sources */,
				39DA3E692767F278003C825B /* MovieDetailsViewController.swift in Sources */,
				390DB78F277CB84700B7C76D /* MyListModel.swift in Sources */,
				39FB20BC2762AE0E009F1E31 /* AppDelegate.swift in Sources */,
				39FB20BE2762AE0E009F1E31 /* SceneDelegate.swift in Sources */,
				390DB791277D010C00B7C76D /* MyListRequest.swift in Sources */,
				394B1C252773DE5F00362568 /* Extensions.swift in Sources */,
				397A438A2764653A002F2C36 /* Constants .swift in Sources */,
				390126D327659EE900979149 /* MoviesRequest.swift in Sources */,
				390126D52765A27A00979149 /* MoviesModel.swift in Sources */,
				39EE120227752C5E001BACC5 /* MovieSpecViewController.swift in Sources */,
				39DA3E672767DA94003C825B /* MovieCollectionViewCell.swift in Sources */,
			);
			runOnlyForDeploymentPostprocessing = 0;
		};
/* End PBXSourcesBuildPhase section */

/* Begin PBXVariantGroup section */
		39FB20C62762AE17009F1E31 /* LaunchScreen.storyboard */ = {
			isa = PBXVariantGroup;
			children = (
				39FB20C72762AE17009F1E31 /* Base */,
			);
			name = LaunchScreen.storyboard;
			sourceTree = "<group>";
		};
/* End PBXVariantGroup section */

/* Begin XCBuildConfiguration section */
		39FB20CA2762AE17009F1E31 /* Debug */ = {
			isa = XCBuildConfiguration;
			buildSettings = {
				ALWAYS_SEARCH_USER_PATHS = NO;
				CLANG_ANALYZER_NONNULL = YES;
				CLANG_ANALYZER_NUMBER_OBJECT_CONVERSION = YES_AGGRESSIVE;
				CLANG_CXX_LANGUAGE_STANDARD = "gnu++17";
				CLANG_CXX_LIBRARY = "libc++";
				CLANG_ENABLE_MODULES = YES;
				CLANG_ENABLE_OBJC_ARC = YES;
				CLANG_ENABLE_OBJC_WEAK = YES;
				CLANG_WARN_BLOCK_CAPTURE_AUTORELEASING = YES;
				CLANG_WARN_BOOL_CONVERSION = YES;
				CLANG_WARN_COMMA = YES;
				CLANG_WARN_CONSTANT_CONVERSION = YES;
				CLANG_WARN_DEPRECATED_OBJC_IMPLEMENTATIONS = YES;
				CLANG_WARN_DIRECT_OBJC_ISA_USAGE = YES_ERROR;
				CLANG_WARN_DOCUMENTATION_COMMENTS = YES;
				CLANG_WARN_EMPTY_BODY = YES;
				CLANG_WARN_ENUM_CONVERSION = YES;
				CLANG_WARN_INFINITE_RECURSION = YES;
				CLANG_WARN_INT_CONVERSION = YES;
				CLANG_WARN_NON_LITERAL_NULL_CONVERSION = YES;
				CLANG_WARN_OBJC_IMPLICIT_RETAIN_SELF = YES;
				CLANG_WARN_OBJC_LITERAL_CONVERSION = YES;
				CLANG_WARN_OBJC_ROOT_CLASS = YES_ERROR;
				CLANG_WARN_QUOTED_INCLUDE_IN_FRAMEWORK_HEADER = YES;
				CLANG_WARN_RANGE_LOOP_ANALYSIS = YES;
				CLANG_WARN_STRICT_PROTOTYPES = YES;
				CLANG_WARN_SUSPICIOUS_MOVE = YES;
				CLANG_WARN_UNGUARDED_AVAILABILITY = YES_AGGRESSIVE;
				CLANG_WARN_UNREACHABLE_CODE = YES;
				CLANG_WARN__DUPLICATE_METHOD_MATCH = YES;
				COPY_PHASE_STRIP = NO;
				DEBUG_INFORMATION_FORMAT = dwarf;
				ENABLE_STRICT_OBJC_MSGSEND = YES;
				ENABLE_TESTABILITY = YES;
				GCC_C_LANGUAGE_STANDARD = gnu11;
				GCC_DYNAMIC_NO_PIC = NO;
				GCC_NO_COMMON_BLOCKS = YES;
				GCC_OPTIMIZATION_LEVEL = 0;
				GCC_PREPROCESSOR_DEFINITIONS = (
					"DEBUG=1",
					"$(inherited)",
				);
				GCC_WARN_64_TO_32_BIT_CONVERSION = YES;
				GCC_WARN_ABOUT_RETURN_TYPE = YES_ERROR;
				GCC_WARN_UNDECLARED_SELECTOR = YES;
				GCC_WARN_UNINITIALIZED_AUTOS = YES_AGGRESSIVE;
				GCC_WARN_UNUSED_FUNCTION = YES;
				GCC_WARN_UNUSED_VARIABLE = YES;
				IPHONEOS_DEPLOYMENT_TARGET = 15.0;
				MTL_ENABLE_DEBUG_INFO = INCLUDE_SOURCE;
				MTL_FAST_MATH = YES;
				ONLY_ACTIVE_ARCH = YES;
				SDKROOT = iphoneos;
				SWIFT_ACTIVE_COMPILATION_CONDITIONS = DEBUG;
				SWIFT_OPTIMIZATION_LEVEL = "-Onone";
			};
			name = Debug;
		};
		39FB20CB2762AE17009F1E31 /* Release */ = {
			isa = XCBuildConfiguration;
			buildSettings = {
				ALWAYS_SEARCH_USER_PATHS = NO;
				CLANG_ANALYZER_NONNULL = YES;
				CLANG_ANALYZER_NUMBER_OBJECT_CONVERSION = YES_AGGRESSIVE;
				CLANG_CXX_LANGUAGE_STANDARD = "gnu++17";
				CLANG_CXX_LIBRARY = "libc++";
				CLANG_ENABLE_MODULES = YES;
				CLANG_ENABLE_OBJC_ARC = YES;
				CLANG_ENABLE_OBJC_WEAK = YES;
				CLANG_WARN_BLOCK_CAPTURE_AUTORELEASING = YES;
				CLANG_WARN_BOOL_CONVERSION = YES;
				CLANG_WARN_COMMA = YES;
				CLANG_WARN_CONSTANT_CONVERSION = YES;
				CLANG_WARN_DEPRECATED_OBJC_IMPLEMENTATIONS = YES;
				CLANG_WARN_DIRECT_OBJC_ISA_USAGE = YES_ERROR;
				CLANG_WARN_DOCUMENTATION_COMMENTS = YES;
				CLANG_WARN_EMPTY_BODY = YES;
				CLANG_WARN_ENUM_CONVERSION = YES;
				CLANG_WARN_INFINITE_RECURSION = YES;
				CLANG_WARN_INT_CONVERSION = YES;
				CLANG_WARN_NON_LITERAL_NULL_CONVERSION = YES;
				CLANG_WARN_OBJC_IMPLICIT_RETAIN_SELF = YES;
				CLANG_WARN_OBJC_LITERAL_CONVERSION = YES;
				CLANG_WARN_OBJC_ROOT_CLASS = YES_ERROR;
				CLANG_WARN_QUOTED_INCLUDE_IN_FRAMEWORK_HEADER = YES;
				CLANG_WARN_RANGE_LOOP_ANALYSIS = YES;
				CLANG_WARN_STRICT_PROTOTYPES = YES;
				CLANG_WARN_SUSPICIOUS_MOVE = YES;
				CLANG_WARN_UNGUARDED_AVAILABILITY = YES_AGGRESSIVE;
				CLANG_WARN_UNREACHABLE_CODE = YES;
				CLANG_WARN__DUPLICATE_METHOD_MATCH = YES;
				COPY_PHASE_STRIP = NO;
				DEBUG_INFORMATION_FORMAT = "dwarf-with-dsym";
				ENABLE_NS_ASSERTIONS = NO;
				ENABLE_STRICT_OBJC_MSGSEND = YES;
				GCC_C_LANGUAGE_STANDARD = gnu11;
				GCC_NO_COMMON_BLOCKS = YES;
				GCC_WARN_64_TO_32_BIT_CONVERSION = YES;
				GCC_WARN_ABOUT_RETURN_TYPE = YES_ERROR;
				GCC_WARN_UNDECLARED_SELECTOR = YES;
				GCC_WARN_UNINITIALIZED_AUTOS = YES_AGGRESSIVE;
				GCC_WARN_UNUSED_FUNCTION = YES;
				GCC_WARN_UNUSED_VARIABLE = YES;
				IPHONEOS_DEPLOYMENT_TARGET = 15.0;
				MTL_ENABLE_DEBUG_INFO = NO;
				MTL_FAST_MATH = YES;
				SDKROOT = iphoneos;
				SWIFT_COMPILATION_MODE = wholemodule;
				SWIFT_OPTIMIZATION_LEVEL = "-O";
				VALIDATE_PRODUCT = YES;
			};
			name = Release;
		};
		39FB20CD2762AE17009F1E31 /* Debug */ = {
			isa = XCBuildConfiguration;
			buildSettings = {
				ASSETCATALOG_COMPILER_APPICON_NAME = AppIcon;
				ASSETCATALOG_COMPILER_GLOBAL_ACCENT_COLOR_NAME = AccentColor;
				CODE_SIGN_STYLE = Automatic;
				CURRENT_PROJECT_VERSION = 1;
				DEVELOPMENT_TEAM = F762NF2RW2;
				GENERATE_INFOPLIST_FILE = YES;
				INFOPLIST_FILE = GloboPlay/Info.plist;
				INFOPLIST_KEY_UIApplicationSupportsIndirectInputEvents = YES;
				INFOPLIST_KEY_UILaunchStoryboardName = LaunchScreen;
				INFOPLIST_KEY_UISupportedInterfaceOrientations_iPad = "UIInterfaceOrientationPortrait UIInterfaceOrientationPortraitUpsideDown UIInterfaceOrientationLandscapeLeft UIInterfaceOrientationLandscapeRight";
				INFOPLIST_KEY_UISupportedInterfaceOrientations_iPhone = "UIInterfaceOrientationPortrait UIInterfaceOrientationLandscapeLeft UIInterfaceOrientationLandscapeRight";
				LD_RUNPATH_SEARCH_PATHS = (
					"$(inherited)",
					"@executable_path/Frameworks",
				);
				MARKETING_VERSION = 1.0;
				PRODUCT_BUNDLE_IDENTIFIER = "Zanette-Ciriaco.GloboPlay";
				PRODUCT_NAME = "$(TARGET_NAME)";
				SWIFT_EMIT_LOC_STRINGS = YES;
				SWIFT_VERSION = 5.0;
				TARGETED_DEVICE_FAMILY = "1,2";
			};
			name = Debug;
		};
		39FB20CE2762AE17009F1E31 /* Release */ = {
			isa = XCBuildConfiguration;
			buildSettings = {
				ASSETCATALOG_COMPILER_APPICON_NAME = AppIcon;
				ASSETCATALOG_COMPILER_GLOBAL_ACCENT_COLOR_NAME = AccentColor;
				CODE_SIGN_STYLE = Automatic;
				CURRENT_PROJECT_VERSION = 1;
				DEVELOPMENT_TEAM = F762NF2RW2;
				GENERATE_INFOPLIST_FILE = YES;
				INFOPLIST_FILE = GloboPlay/Info.plist;
				INFOPLIST_KEY_UIApplicationSupportsIndirectInputEvents = YES;
				INFOPLIST_KEY_UILaunchStoryboardName = LaunchScreen;
				INFOPLIST_KEY_UISupportedInterfaceOrientations_iPad = "UIInterfaceOrientationPortrait UIInterfaceOrientationPortraitUpsideDown UIInterfaceOrientationLandscapeLeft UIInterfaceOrientationLandscapeRight";
				INFOPLIST_KEY_UISupportedInterfaceOrientations_iPhone = "UIInterfaceOrientationPortrait UIInterfaceOrientationLandscapeLeft UIInterfaceOrientationLandscapeRight";
				LD_RUNPATH_SEARCH_PATHS = (
					"$(inherited)",
					"@executable_path/Frameworks",
				);
				MARKETING_VERSION = 1.0;
				PRODUCT_BUNDLE_IDENTIFIER = "Zanette-Ciriaco.GloboPlay";
				PRODUCT_NAME = "$(TARGET_NAME)";
				SWIFT_EMIT_LOC_STRINGS = YES;
				SWIFT_VERSION = 5.0;
				TARGETED_DEVICE_FAMILY = "1,2";
			};
			name = Release;
		};
/* End XCBuildConfiguration section */

/* Begin XCConfigurationList section */
		39FB20B32762AE0E009F1E31 /* Build configuration list for PBXProject "GloboPlay" */ = {
			isa = XCConfigurationList;
			buildConfigurations = (
				39FB20CA2762AE17009F1E31 /* Debug */,
				39FB20CB2762AE17009F1E31 /* Release */,
			);
			defaultConfigurationIsVisible = 0;
			defaultConfigurationName = Release;
		};
		39FB20CC2762AE17009F1E31 /* Build configuration list for PBXNativeTarget "GloboPlay" */ = {
			isa = XCConfigurationList;
			buildConfigurations = (
				39FB20CD2762AE17009F1E31 /* Debug */,
				39FB20CE2762AE17009F1E31 /* Release */,
			);
			defaultConfigurationIsVisible = 0;
			defaultConfigurationName = Release;
		};
/* End XCConfigurationList section */
	};
	rootObject = 39FB20B02762AE0E009F1E31 /* Project object */;
}
